// !$*UTF8*$!
{
	archiveVersion = 1;
	classes = {
	};
	objectVersion = 46;
	objects = {

/* Begin PBXBuildFile section */
		94270A3E1A545E5A00453F6D /* ExerciseVC.m in Sources */ = {isa = PBXBuildFile; fileRef = 94270A3D1A545E5A00453F6D /* ExerciseVC.m */; };
		94270A441A546E7100453F6D /* ActivityPicker.m in Sources */ = {isa = PBXBuildFile; fileRef = 94270A431A546E7100453F6D /* ActivityPicker.m */; };
		944A44631A4F7E37009FA078 /* ActivityPickerView.m in Sources */ = {isa = PBXBuildFile; fileRef = 944A44621A4F7E37009FA078 /* ActivityPickerView.m */; };
		9456285D1A41FAD700A2B9A7 /* GraphView.m in Sources */ = {isa = PBXBuildFile; fileRef = 9456285C1A41FAD700A2B9A7 /* GraphView.m */; };
		945628601A4203A200A2B9A7 /* AboutView.m in Sources */ = {isa = PBXBuildFile; fileRef = 9456285F1A4203A200A2B9A7 /* AboutView.m */; };
		945628681A4214A900A2B9A7 /* AboutVC.m in Sources */ = {isa = PBXBuildFile; fileRef = 945628671A4214A900A2B9A7 /* AboutVC.m */; };
		945628711A4225DB00A2B9A7 /* GraphVC.m in Sources */ = {isa = PBXBuildFile; fileRef = 945628701A4225DB00A2B9A7 /* GraphVC.m */; };
		945800181A50BF04000936FC /* PageVC.m in Sources */ = {isa = PBXBuildFile; fileRef = 945800171A50BF04000936FC /* PageVC.m */; };
		947378E51A42384E00DF933C /* GraphOne.jpg in Resources */ = {isa = PBXBuildFile; fileRef = 947378E31A42384E00DF933C /* GraphOne.jpg */; };
		947378E61A42384E00DF933C /* GraphTwo.jpg in Resources */ = {isa = PBXBuildFile; fileRef = 947378E41A42384E00DF933C /* GraphTwo.jpg */; };
		947378F51A435A9200DF933C /* MinuteTVC.m in Sources */ = {isa = PBXBuildFile; fileRef = 947378F41A435A9200DF933C /* MinuteTVC.m */; };
		9499C9641A321A27004CEB67 /* OAuthVC.m in Sources */ = {isa = PBXBuildFile; fileRef = 9499C9631A321A27004CEB67 /* OAuthVC.m */; };
		94C378DA1A51F08900370461 /* MinuteEntry.m in Sources */ = {isa = PBXBuildFile; fileRef = 94C378D91A51F08900370461 /* MinuteEntry.m */; };
		94C378DD1A51F0D500370461 /* MinuteStore.m in Sources */ = {isa = PBXBuildFile; fileRef = 94C378DC1A51F0D500370461 /* MinuteStore.m */; };
		94DFCF1C1A38BD6700874346 /* libOpenSense.a in Frameworks */ = {isa = PBXBuildFile; fileRef = 94DFCF1B1A38BD6700874346 /* libOpenSense.a */; };
		94E3C4511A2F6BE600AFE1A7 /* main.m in Sources */ = {isa = PBXBuildFile; fileRef = 94E3C4501A2F6BE600AFE1A7 /* main.m */; };
		94E3C4541A2F6BE600AFE1A7 /* AppDelegate.m in Sources */ = {isa = PBXBuildFile; fileRef = 94E3C4531A2F6BE600AFE1A7 /* AppDelegate.m */; };
		94E3C4571A2F6BE600AFE1A7 /* ViewController.m in Sources */ = {isa = PBXBuildFile; fileRef = 94E3C4561A2F6BE600AFE1A7 /* ViewController.m */; };
		94E3C45A1A2F6BE600AFE1A7 /* Main.storyboard in Resources */ = {isa = PBXBuildFile; fileRef = 94E3C4581A2F6BE600AFE1A7 /* Main.storyboard */; };
		94E3C45C1A2F6BE600AFE1A7 /* Images.xcassets in Resources */ = {isa = PBXBuildFile; fileRef = 94E3C45B1A2F6BE600AFE1A7 /* Images.xcassets */; };
		94E3C45F1A2F6BE600AFE1A7 /* LaunchScreen.xib in Resources */ = {isa = PBXBuildFile; fileRef = 94E3C45D1A2F6BE600AFE1A7 /* LaunchScreen.xib */; };
		94E3C46B1A2F6BE600AFE1A7 /* GetFitTests.m in Sources */ = {isa = PBXBuildFile; fileRef = 94E3C46A1A2F6BE600AFE1A7 /* GetFitTests.m */; };
		94E3C4781A2FA86F00AFE1A7 /* datahub.m in Sources */ = {isa = PBXBuildFile; fileRef = 94E3C4771A2FA86F00AFE1A7 /* datahub.m */; };
		94E3C4A91A2FA93C00AFE1A7 /* TBinaryProtocol.m in Sources */ = {isa = PBXBuildFile; fileRef = 94E3C47D1A2FA93C00AFE1A7 /* TBinaryProtocol.m */; };
		94E3C4AA1A2FA93C00AFE1A7 /* TMultiplexedProtocol.m in Sources */ = {isa = PBXBuildFile; fileRef = 94E3C47F1A2FA93C00AFE1A7 /* TMultiplexedProtocol.m */; };
		94E3C4AB1A2FA93C00AFE1A7 /* TProtocolDecorator.m in Sources */ = {isa = PBXBuildFile; fileRef = 94E3C4821A2FA93C00AFE1A7 /* TProtocolDecorator.m */; };
		94E3C4AC1A2FA93C00AFE1A7 /* TProtocolException.m in Sources */ = {isa = PBXBuildFile; fileRef = 94E3C4841A2FA93C00AFE1A7 /* TProtocolException.m */; };
		94E3C4AD1A2FA93C00AFE1A7 /* TProtocolUtil.m in Sources */ = {isa = PBXBuildFile; fileRef = 94E3C4871A2FA93C00AFE1A7 /* TProtocolUtil.m */; };
		94E3C4AE1A2FA93C00AFE1A7 /* TSocketServer.m in Sources */ = {isa = PBXBuildFile; fileRef = 94E3C48A1A2FA93C00AFE1A7 /* TSocketServer.m */; };
		94E3C4AF1A2FA93C00AFE1A7 /* TApplicationException.m in Sources */ = {isa = PBXBuildFile; fileRef = 94E3C48C1A2FA93C00AFE1A7 /* TApplicationException.m */; };
		94E3C4B01A2FA93C00AFE1A7 /* TException.m in Sources */ = {isa = PBXBuildFile; fileRef = 94E3C48E1A2FA93C00AFE1A7 /* TException.m */; };
		94E3C4B11A2FA93C00AFE1A7 /* TFramedTransport.m in Sources */ = {isa = PBXBuildFile; fileRef = 94E3C4951A2FA93C00AFE1A7 /* TFramedTransport.m */; };
		94E3C4B21A2FA93C00AFE1A7 /* THTTPClient.m in Sources */ = {isa = PBXBuildFile; fileRef = 94E3C4971A2FA93C00AFE1A7 /* THTTPClient.m */; };
		94E3C4B31A2FA93C00AFE1A7 /* TMemoryBuffer.m in Sources */ = {isa = PBXBuildFile; fileRef = 94E3C4991A2FA93C00AFE1A7 /* TMemoryBuffer.m */; };
		94E3C4B41A2FA93C00AFE1A7 /* TNSFileHandleTransport.m in Sources */ = {isa = PBXBuildFile; fileRef = 94E3C49B1A2FA93C00AFE1A7 /* TNSFileHandleTransport.m */; };
		94E3C4B51A2FA93C00AFE1A7 /* TNSStreamTransport.m in Sources */ = {isa = PBXBuildFile; fileRef = 94E3C49D1A2FA93C00AFE1A7 /* TNSStreamTransport.m */; };
		94E3C4B61A2FA93C00AFE1A7 /* TSocketClient.m in Sources */ = {isa = PBXBuildFile; fileRef = 94E3C49F1A2FA93C00AFE1A7 /* TSocketClient.m */; };
		94E3C4B71A2FA93C00AFE1A7 /* TSSLSocketClient.m in Sources */ = {isa = PBXBuildFile; fileRef = 94E3C4A11A2FA93C00AFE1A7 /* TSSLSocketClient.m */; };
		94E3C4B81A2FA93C00AFE1A7 /* TSSLSocketException.m in Sources */ = {isa = PBXBuildFile; fileRef = 94E3C4A31A2FA93C00AFE1A7 /* TSSLSocketException.m */; };
		94E3C4B91A2FA93C00AFE1A7 /* TTransportException.m in Sources */ = {isa = PBXBuildFile; fileRef = 94E3C4A61A2FA93C00AFE1A7 /* TTransportException.m */; };
		94E3C4BA1A2FA93C00AFE1A7 /* TSharedProcessorFactory.m in Sources */ = {isa = PBXBuildFile; fileRef = 94E3C4A81A2FA93C00AFE1A7 /* TSharedProcessorFactory.m */; };
/* End PBXBuildFile section */

/* Begin PBXContainerItemProxy section */
		94DFCF211A38BDCB00874346 /* PBXContainerItemProxy */ = {
			isa = PBXContainerItemProxy;
			containerPortal = 94DFCF101A38B9E300874346 /* OpenSense.xcodeproj */;
			proxyType = 2;
			remoteGlobalIDString = 3DDED69B167D04CF006DE4F8;
			remoteInfo = OpenSense;
		};
		94DFCF231A38BDCB00874346 /* PBXContainerItemProxy */ = {
			isa = PBXContainerItemProxy;
			containerPortal = 94DFCF101A38B9E300874346 /* OpenSense.xcodeproj */;
			proxyType = 2;
			remoteGlobalIDString = 3DDED6AC167D04CF006DE4F8;
			remoteInfo = OpenSenseTests;
		};
		94E3C4651A2F6BE600AFE1A7 /* PBXContainerItemProxy */ = {
			isa = PBXContainerItemProxy;
			containerPortal = 94E3C4431A2F6BE600AFE1A7 /* Project object */;
			proxyType = 1;
			remoteGlobalIDString = 94E3C44A1A2F6BE600AFE1A7;
			remoteInfo = GetFit;
		};
/* End PBXContainerItemProxy section */

/* Begin PBXFileReference section */
		94270A3C1A545E5A00453F6D /* ExerciseVC.h */ = {isa = PBXFileReference; fileEncoding = 4; lastKnownFileType = sourcecode.c.h; path = ExerciseVC.h; sourceTree = "<group>"; };
		94270A3D1A545E5A00453F6D /* ExerciseVC.m */ = {isa = PBXFileReference; fileEncoding = 4; lastKnownFileType = sourcecode.c.objc; path = ExerciseVC.m; sourceTree = "<group>"; };
		94270A421A546E7100453F6D /* ActivityPicker.h */ = {isa = PBXFileReference; fileEncoding = 4; lastKnownFileType = sourcecode.c.h; path = ActivityPicker.h; sourceTree = "<group>"; };
		94270A431A546E7100453F6D /* ActivityPicker.m */ = {isa = PBXFileReference; fileEncoding = 4; lastKnownFileType = sourcecode.c.objc; path = ActivityPicker.m; sourceTree = "<group>"; };
		944A44611A4F7E37009FA078 /* ActivityPickerView.h */ = {isa = PBXFileReference; fileEncoding = 4; lastKnownFileType = sourcecode.c.h; path = ActivityPickerView.h; sourceTree = "<group>"; };
		944A44621A4F7E37009FA078 /* ActivityPickerView.m */ = {isa = PBXFileReference; fileEncoding = 4; lastKnownFileType = sourcecode.c.objc; path = ActivityPickerView.m; sourceTree = "<group>"; };
		9456285B1A41FAD700A2B9A7 /* GraphView.h */ = {isa = PBXFileReference; fileEncoding = 4; lastKnownFileType = sourcecode.c.h; path = GraphView.h; sourceTree = "<group>"; };
		9456285C1A41FAD700A2B9A7 /* GraphView.m */ = {isa = PBXFileReference; fileEncoding = 4; lastKnownFileType = sourcecode.c.objc; path = GraphView.m; sourceTree = "<group>"; };
		9456285E1A4203A200A2B9A7 /* AboutView.h */ = {isa = PBXFileReference; fileEncoding = 4; lastKnownFileType = sourcecode.c.h; path = AboutView.h; sourceTree = "<group>"; };
		9456285F1A4203A200A2B9A7 /* AboutView.m */ = {isa = PBXFileReference; fileEncoding = 4; lastKnownFileType = sourcecode.c.objc; path = AboutView.m; sourceTree = "<group>"; };
		945628661A4214A900A2B9A7 /* AboutVC.h */ = {isa = PBXFileReference; fileEncoding = 4; lastKnownFileType = sourcecode.c.h; path = AboutVC.h; sourceTree = "<group>"; };
		945628671A4214A900A2B9A7 /* AboutVC.m */ = {isa = PBXFileReference; fileEncoding = 4; lastKnownFileType = sourcecode.c.objc; path = AboutVC.m; sourceTree = "<group>"; };
		9456286F1A4225DB00A2B9A7 /* GraphVC.h */ = {isa = PBXFileReference; fileEncoding = 4; lastKnownFileType = sourcecode.c.h; path = GraphVC.h; sourceTree = "<group>"; };
		945628701A4225DB00A2B9A7 /* GraphVC.m */ = {isa = PBXFileReference; fileEncoding = 4; lastKnownFileType = sourcecode.c.objc; path = GraphVC.m; sourceTree = "<group>"; };
		945800161A50BF04000936FC /* PageVC.h */ = {isa = PBXFileReference; fileEncoding = 4; lastKnownFileType = sourcecode.c.h; path = PageVC.h; sourceTree = "<group>"; };
		945800171A50BF04000936FC /* PageVC.m */ = {isa = PBXFileReference; fileEncoding = 4; lastKnownFileType = sourcecode.c.objc; path = PageVC.m; sourceTree = "<group>"; };
		947378E31A42384E00DF933C /* GraphOne.jpg */ = {isa = PBXFileReference; lastKnownFileType = image.jpeg; path = GraphOne.jpg; sourceTree = "<group>"; };
		947378E41A42384E00DF933C /* GraphTwo.jpg */ = {isa = PBXFileReference; lastKnownFileType = image.jpeg; path = GraphTwo.jpg; sourceTree = "<group>"; };
		947378F31A435A9200DF933C /* MinuteTVC.h */ = {isa = PBXFileReference; fileEncoding = 4; lastKnownFileType = sourcecode.c.h; path = MinuteTVC.h; sourceTree = "<group>"; };
		947378F41A435A9200DF933C /* MinuteTVC.m */ = {isa = PBXFileReference; fileEncoding = 4; lastKnownFileType = sourcecode.c.objc; path = MinuteTVC.m; sourceTree = "<group>"; };
		9499C9621A321A27004CEB67 /* OAuthVC.h */ = {isa = PBXFileReference; fileEncoding = 4; lastKnownFileType = sourcecode.c.h; name = OAuthVC.h; path = OAuth/OAuthVC.h; sourceTree = "<group>"; };
		9499C9631A321A27004CEB67 /* OAuthVC.m */ = {isa = PBXFileReference; fileEncoding = 4; lastKnownFileType = sourcecode.c.objc; name = OAuthVC.m; path = OAuth/OAuthVC.m; sourceTree = "<group>"; };
		94C378D81A51F08900370461 /* MinuteEntry.h */ = {isa = PBXFileReference; fileEncoding = 4; lastKnownFileType = sourcecode.c.h; path = MinuteEntry.h; sourceTree = "<group>"; };
		94C378D91A51F08900370461 /* MinuteEntry.m */ = {isa = PBXFileReference; fileEncoding = 4; lastKnownFileType = sourcecode.c.objc; path = MinuteEntry.m; sourceTree = "<group>"; };
		94C378DB1A51F0D500370461 /* MinuteStore.h */ = {isa = PBXFileReference; fileEncoding = 4; lastKnownFileType = sourcecode.c.h; path = MinuteStore.h; sourceTree = "<group>"; };
		94C378DC1A51F0D500370461 /* MinuteStore.m */ = {isa = PBXFileReference; fileEncoding = 4; lastKnownFileType = sourcecode.c.objc; path = MinuteStore.m; sourceTree = "<group>"; };
		94DFCF101A38B9E300874346 /* OpenSense.xcodeproj */ = {isa = PBXFileReference; lastKnownFileType = "wrapper.pb-project"; name = OpenSense.xcodeproj; path = OpenSense/OpenSense.xcodeproj; sourceTree = SOURCE_ROOT; };
		94DFCF1B1A38BD6700874346 /* libOpenSense.a */ = {isa = PBXFileReference; lastKnownFileType = archive.ar; name = libOpenSense.a; path = "OpenSense/build/Debug-iphoneos/libOpenSense.a"; sourceTree = "<group>"; };
		94E3C44B1A2F6BE600AFE1A7 /* GetFit.app */ = {isa = PBXFileReference; explicitFileType = wrapper.application; includeInIndex = 0; path = GetFit.app; sourceTree = BUILT_PRODUCTS_DIR; };
		94E3C44F1A2F6BE600AFE1A7 /* Info.plist */ = {isa = PBXFileReference; lastKnownFileType = text.plist.xml; path = Info.plist; sourceTree = "<group>"; };
		94E3C4501A2F6BE600AFE1A7 /* main.m */ = {isa = PBXFileReference; lastKnownFileType = sourcecode.c.objc; path = main.m; sourceTree = "<group>"; };
		94E3C4521A2F6BE600AFE1A7 /* AppDelegate.h */ = {isa = PBXFileReference; lastKnownFileType = sourcecode.c.h; path = AppDelegate.h; sourceTree = "<group>"; };
		94E3C4531A2F6BE600AFE1A7 /* AppDelegate.m */ = {isa = PBXFileReference; lastKnownFileType = sourcecode.c.objc; path = AppDelegate.m; sourceTree = "<group>"; };
		94E3C4551A2F6BE600AFE1A7 /* ViewController.h */ = {isa = PBXFileReference; lastKnownFileType = sourcecode.c.h; path = ViewController.h; sourceTree = "<group>"; };
		94E3C4561A2F6BE600AFE1A7 /* ViewController.m */ = {isa = PBXFileReference; lastKnownFileType = sourcecode.c.objc; path = ViewController.m; sourceTree = "<group>"; };
		94E3C4591A2F6BE600AFE1A7 /* Base */ = {isa = PBXFileReference; lastKnownFileType = file.storyboard; name = Base; path = Base.lproj/Main.storyboard; sourceTree = "<group>"; };
		94E3C45B1A2F6BE600AFE1A7 /* Images.xcassets */ = {isa = PBXFileReference; lastKnownFileType = folder.assetcatalog; path = Images.xcassets; sourceTree = "<group>"; };
		94E3C45E1A2F6BE600AFE1A7 /* Base */ = {isa = PBXFileReference; lastKnownFileType = file.xib; name = Base; path = Base.lproj/LaunchScreen.xib; sourceTree = "<group>"; };
		94E3C4641A2F6BE600AFE1A7 /* GetFitTests.xctest */ = {isa = PBXFileReference; explicitFileType = wrapper.cfbundle; includeInIndex = 0; path = GetFitTests.xctest; sourceTree = BUILT_PRODUCTS_DIR; };
		94E3C4691A2F6BE600AFE1A7 /* Info.plist */ = {isa = PBXFileReference; lastKnownFileType = text.plist.xml; path = Info.plist; sourceTree = "<group>"; };
		94E3C46A1A2F6BE600AFE1A7 /* GetFitTests.m */ = {isa = PBXFileReference; lastKnownFileType = sourcecode.c.objc; path = GetFitTests.m; sourceTree = "<group>"; };
		94E3C4761A2FA86F00AFE1A7 /* datahub.h */ = {isa = PBXFileReference; fileEncoding = 4; lastKnownFileType = sourcecode.c.h; name = datahub.h; path = "gen-cocoa/datahub.h"; sourceTree = "<group>"; };
		94E3C4771A2FA86F00AFE1A7 /* datahub.m */ = {isa = PBXFileReference; fileEncoding = 4; lastKnownFileType = sourcecode.c.objc; name = datahub.m; path = "gen-cocoa/datahub.m"; sourceTree = "<group>"; };
		94E3C47B1A2FA93C00AFE1A7 /* TBase.h */ = {isa = PBXFileReference; fileEncoding = 4; lastKnownFileType = sourcecode.c.h; path = TBase.h; sourceTree = "<group>"; };
		94E3C47C1A2FA93C00AFE1A7 /* TBinaryProtocol.h */ = {isa = PBXFileReference; fileEncoding = 4; lastKnownFileType = sourcecode.c.h; path = TBinaryProtocol.h; sourceTree = "<group>"; };
		94E3C47D1A2FA93C00AFE1A7 /* TBinaryProtocol.m */ = {isa = PBXFileReference; fileEncoding = 4; lastKnownFileType = sourcecode.c.objc; path = TBinaryProtocol.m; sourceTree = "<group>"; };
		94E3C47E1A2FA93C00AFE1A7 /* TMultiplexedProtocol.h */ = {isa = PBXFileReference; fileEncoding = 4; lastKnownFileType = sourcecode.c.h; path = TMultiplexedProtocol.h; sourceTree = "<group>"; };
		94E3C47F1A2FA93C00AFE1A7 /* TMultiplexedProtocol.m */ = {isa = PBXFileReference; fileEncoding = 4; lastKnownFileType = sourcecode.c.objc; path = TMultiplexedProtocol.m; sourceTree = "<group>"; };
		94E3C4801A2FA93C00AFE1A7 /* TProtocol.h */ = {isa = PBXFileReference; fileEncoding = 4; lastKnownFileType = sourcecode.c.h; path = TProtocol.h; sourceTree = "<group>"; };
		94E3C4811A2FA93C00AFE1A7 /* TProtocolDecorator.h */ = {isa = PBXFileReference; fileEncoding = 4; lastKnownFileType = sourcecode.c.h; path = TProtocolDecorator.h; sourceTree = "<group>"; };
		94E3C4821A2FA93C00AFE1A7 /* TProtocolDecorator.m */ = {isa = PBXFileReference; fileEncoding = 4; lastKnownFileType = sourcecode.c.objc; path = TProtocolDecorator.m; sourceTree = "<group>"; };
		94E3C4831A2FA93C00AFE1A7 /* TProtocolException.h */ = {isa = PBXFileReference; fileEncoding = 4; lastKnownFileType = sourcecode.c.h; path = TProtocolException.h; sourceTree = "<group>"; };
		94E3C4841A2FA93C00AFE1A7 /* TProtocolException.m */ = {isa = PBXFileReference; fileEncoding = 4; lastKnownFileType = sourcecode.c.objc; path = TProtocolException.m; sourceTree = "<group>"; };
		94E3C4851A2FA93C00AFE1A7 /* TProtocolFactory.h */ = {isa = PBXFileReference; fileEncoding = 4; lastKnownFileType = sourcecode.c.h; path = TProtocolFactory.h; sourceTree = "<group>"; };
		94E3C4861A2FA93C00AFE1A7 /* TProtocolUtil.h */ = {isa = PBXFileReference; fileEncoding = 4; lastKnownFileType = sourcecode.c.h; path = TProtocolUtil.h; sourceTree = "<group>"; };
		94E3C4871A2FA93C00AFE1A7 /* TProtocolUtil.m */ = {isa = PBXFileReference; fileEncoding = 4; lastKnownFileType = sourcecode.c.objc; path = TProtocolUtil.m; sourceTree = "<group>"; };
		94E3C4891A2FA93C00AFE1A7 /* TSocketServer.h */ = {isa = PBXFileReference; fileEncoding = 4; lastKnownFileType = sourcecode.c.h; path = TSocketServer.h; sourceTree = "<group>"; };
		94E3C48A1A2FA93C00AFE1A7 /* TSocketServer.m */ = {isa = PBXFileReference; fileEncoding = 4; lastKnownFileType = sourcecode.c.objc; path = TSocketServer.m; sourceTree = "<group>"; };
		94E3C48B1A2FA93C00AFE1A7 /* TApplicationException.h */ = {isa = PBXFileReference; fileEncoding = 4; lastKnownFileType = sourcecode.c.h; path = TApplicationException.h; sourceTree = "<group>"; };
		94E3C48C1A2FA93C00AFE1A7 /* TApplicationException.m */ = {isa = PBXFileReference; fileEncoding = 4; lastKnownFileType = sourcecode.c.objc; path = TApplicationException.m; sourceTree = "<group>"; };
		94E3C48D1A2FA93C00AFE1A7 /* TException.h */ = {isa = PBXFileReference; fileEncoding = 4; lastKnownFileType = sourcecode.c.h; path = TException.h; sourceTree = "<group>"; };
		94E3C48E1A2FA93C00AFE1A7 /* TException.m */ = {isa = PBXFileReference; fileEncoding = 4; lastKnownFileType = sourcecode.c.objc; path = TException.m; sourceTree = "<group>"; };
		94E3C48F1A2FA93C00AFE1A7 /* Thrift.h */ = {isa = PBXFileReference; fileEncoding = 4; lastKnownFileType = sourcecode.c.h; path = Thrift.h; sourceTree = "<group>"; };
		94E3C4901A2FA93C00AFE1A7 /* TObjective-C.h */ = {isa = PBXFileReference; fileEncoding = 4; lastKnownFileType = sourcecode.c.h; path = "TObjective-C.h"; sourceTree = "<group>"; };
		94E3C4911A2FA93C00AFE1A7 /* TProcessor.h */ = {isa = PBXFileReference; fileEncoding = 4; lastKnownFileType = sourcecode.c.h; path = TProcessor.h; sourceTree = "<group>"; };
		94E3C4921A2FA93C00AFE1A7 /* TProcessorFactory.h */ = {isa = PBXFileReference; fileEncoding = 4; lastKnownFileType = sourcecode.c.h; path = TProcessorFactory.h; sourceTree = "<group>"; };
		94E3C4941A2FA93C00AFE1A7 /* TFramedTransport.h */ = {isa = PBXFileReference; fileEncoding = 4; lastKnownFileType = sourcecode.c.h; path = TFramedTransport.h; sourceTree = "<group>"; };
		94E3C4951A2FA93C00AFE1A7 /* TFramedTransport.m */ = {isa = PBXFileReference; fileEncoding = 4; lastKnownFileType = sourcecode.c.objc; path = TFramedTransport.m; sourceTree = "<group>"; };
		94E3C4961A2FA93C00AFE1A7 /* THTTPClient.h */ = {isa = PBXFileReference; fileEncoding = 4; lastKnownFileType = sourcecode.c.h; path = THTTPClient.h; sourceTree = "<group>"; };
		94E3C4971A2FA93C00AFE1A7 /* THTTPClient.m */ = {isa = PBXFileReference; fileEncoding = 4; lastKnownFileType = sourcecode.c.objc; path = THTTPClient.m; sourceTree = "<group>"; };
		94E3C4981A2FA93C00AFE1A7 /* TMemoryBuffer.h */ = {isa = PBXFileReference; fileEncoding = 4; lastKnownFileType = sourcecode.c.h; path = TMemoryBuffer.h; sourceTree = "<group>"; };
		94E3C4991A2FA93C00AFE1A7 /* TMemoryBuffer.m */ = {isa = PBXFileReference; fileEncoding = 4; lastKnownFileType = sourcecode.c.objc; path = TMemoryBuffer.m; sourceTree = "<group>"; };
		94E3C49A1A2FA93C00AFE1A7 /* TNSFileHandleTransport.h */ = {isa = PBXFileReference; fileEncoding = 4; lastKnownFileType = sourcecode.c.h; path = TNSFileHandleTransport.h; sourceTree = "<group>"; };
		94E3C49B1A2FA93C00AFE1A7 /* TNSFileHandleTransport.m */ = {isa = PBXFileReference; fileEncoding = 4; lastKnownFileType = sourcecode.c.objc; path = TNSFileHandleTransport.m; sourceTree = "<group>"; };
		94E3C49C1A2FA93C00AFE1A7 /* TNSStreamTransport.h */ = {isa = PBXFileReference; fileEncoding = 4; lastKnownFileType = sourcecode.c.h; path = TNSStreamTransport.h; sourceTree = "<group>"; };
		94E3C49D1A2FA93C00AFE1A7 /* TNSStreamTransport.m */ = {isa = PBXFileReference; fileEncoding = 4; lastKnownFileType = sourcecode.c.objc; path = TNSStreamTransport.m; sourceTree = "<group>"; };
		94E3C49E1A2FA93C00AFE1A7 /* TSocketClient.h */ = {isa = PBXFileReference; fileEncoding = 4; lastKnownFileType = sourcecode.c.h; path = TSocketClient.h; sourceTree = "<group>"; };
		94E3C49F1A2FA93C00AFE1A7 /* TSocketClient.m */ = {isa = PBXFileReference; fileEncoding = 4; lastKnownFileType = sourcecode.c.objc; path = TSocketClient.m; sourceTree = "<group>"; };
		94E3C4A01A2FA93C00AFE1A7 /* TSSLSocketClient.h */ = {isa = PBXFileReference; fileEncoding = 4; lastKnownFileType = sourcecode.c.h; path = TSSLSocketClient.h; sourceTree = "<group>"; };
		94E3C4A11A2FA93C00AFE1A7 /* TSSLSocketClient.m */ = {isa = PBXFileReference; fileEncoding = 4; lastKnownFileType = sourcecode.c.objc; path = TSSLSocketClient.m; sourceTree = "<group>"; };
		94E3C4A21A2FA93C00AFE1A7 /* TSSLSocketException.h */ = {isa = PBXFileReference; fileEncoding = 4; lastKnownFileType = sourcecode.c.h; path = TSSLSocketException.h; sourceTree = "<group>"; };
		94E3C4A31A2FA93C00AFE1A7 /* TSSLSocketException.m */ = {isa = PBXFileReference; fileEncoding = 4; lastKnownFileType = sourcecode.c.objc; path = TSSLSocketException.m; sourceTree = "<group>"; };
		94E3C4A41A2FA93C00AFE1A7 /* TTransport.h */ = {isa = PBXFileReference; fileEncoding = 4; lastKnownFileType = sourcecode.c.h; path = TTransport.h; sourceTree = "<group>"; };
		94E3C4A51A2FA93C00AFE1A7 /* TTransportException.h */ = {isa = PBXFileReference; fileEncoding = 4; lastKnownFileType = sourcecode.c.h; path = TTransportException.h; sourceTree = "<group>"; };
		94E3C4A61A2FA93C00AFE1A7 /* TTransportException.m */ = {isa = PBXFileReference; fileEncoding = 4; lastKnownFileType = sourcecode.c.objc; path = TTransportException.m; sourceTree = "<group>"; };
		94E3C4A71A2FA93C00AFE1A7 /* TSharedProcessorFactory.h */ = {isa = PBXFileReference; fileEncoding = 4; lastKnownFileType = sourcecode.c.h; path = TSharedProcessorFactory.h; sourceTree = "<group>"; };
		94E3C4A81A2FA93C00AFE1A7 /* TSharedProcessorFactory.m */ = {isa = PBXFileReference; fileEncoding = 4; lastKnownFileType = sourcecode.c.objc; path = TSharedProcessorFactory.m; sourceTree = "<group>"; };
/* End PBXFileReference section */

/* Begin PBXFrameworksBuildPhase section */
		94E3C4481A2F6BE600AFE1A7 /* Frameworks */ = {
			isa = PBXFrameworksBuildPhase;
			buildActionMask = 2147483647;
			files = (
				94DFCF1C1A38BD6700874346 /* libOpenSense.a in Frameworks */,
			);
			runOnlyForDeploymentPostprocessing = 0;
		};
		94E3C4611A2F6BE600AFE1A7 /* Frameworks */ = {
			isa = PBXFrameworksBuildPhase;
			buildActionMask = 2147483647;
			files = (
			);
			runOnlyForDeploymentPostprocessing = 0;
		};
/* End PBXFrameworksBuildPhase section */

/* Begin PBXGroup section */
		94270A411A546E5000453F6D /* Pickers */ = {
			isa = PBXGroup;
			children = (
				94270A421A546E7100453F6D /* ActivityPicker.h */,
				94270A431A546E7100453F6D /* ActivityPicker.m */,
			);
			name = Pickers;
			sourceTree = "<group>";
		};
		9458002C1A50C1CA000936FC /* About */ = {
			isa = PBXGroup;
			children = (
				945628661A4214A900A2B9A7 /* AboutVC.h */,
				945628671A4214A900A2B9A7 /* AboutVC.m */,
				9456285E1A4203A200A2B9A7 /* AboutView.h */,
				9456285F1A4203A200A2B9A7 /* AboutView.m */,
			);
			name = About;
			sourceTree = "<group>";
		};
		9458002D1A50C1D0000936FC /* Graph */ = {
			isa = PBXGroup;
			children = (
				9456286F1A4225DB00A2B9A7 /* GraphVC.h */,
				945628701A4225DB00A2B9A7 /* GraphVC.m */,
				9456285B1A41FAD700A2B9A7 /* GraphView.h */,
				9456285C1A41FAD700A2B9A7 /* GraphView.m */,
			);
			name = Graph;
			sourceTree = "<group>";
		};
		9458002E1A50C8BF000936FC /* Exercise */ = {
			isa = PBXGroup;
			children = (
				94270A3C1A545E5A00453F6D /* ExerciseVC.h */,
				94270A3D1A545E5A00453F6D /* ExerciseVC.m */,
			);
			name = Exercise;
			sourceTree = "<group>";
		};
		947378EC1A432FDF00DF933C /* Minute */ = {
			isa = PBXGroup;
			children = (
				947378F31A435A9200DF933C /* MinuteTVC.h */,
				947378F41A435A9200DF933C /* MinuteTVC.m */,
				944A44611A4F7E37009FA078 /* ActivityPickerView.h */,
				944A44621A4F7E37009FA078 /* ActivityPickerView.m */,
				94C378D81A51F08900370461 /* MinuteEntry.h */,
				94C378D91A51F08900370461 /* MinuteEntry.m */,
				94C378DB1A51F0D500370461 /* MinuteStore.h */,
				94C378DC1A51F0D500370461 /* MinuteStore.m */,
			);
			name = Minute;
			sourceTree = "<group>";
		};
		9499C9591A320D18004CEB67 /* OAuth */ = {
			isa = PBXGroup;
			children = (
				9499C9621A321A27004CEB67 /* OAuthVC.h */,
				9499C9631A321A27004CEB67 /* OAuthVC.m */,
			);
			name = OAuth;
			sourceTree = "<group>";
		};
		94DFCF1D1A38BDCA00874346 /* Products */ = {
			isa = PBXGroup;
			children = (
				94DFCF221A38BDCB00874346 /* libOpenSense.a */,
				94DFCF241A38BDCB00874346 /* OpenSenseTests.octest */,
			);
			name = Products;
			sourceTree = "<group>";
		};
		94DFCF2D1A3A0CFF00874346 /* Page */ = {
			isa = PBXGroup;
			children = (
				945800161A50BF04000936FC /* PageVC.h */,
				945800171A50BF04000936FC /* PageVC.m */,
			);
			name = Page;
			sourceTree = "<group>";
		};
		94E3C4421A2F6BE600AFE1A7 = {
			isa = PBXGroup;
			children = (
				94DFCF1B1A38BD6700874346 /* libOpenSense.a */,
				94DFCF101A38B9E300874346 /* OpenSense.xcodeproj */,
				94E3C4741A2FA86000AFE1A7 /* External */,
				94E3C44D1A2F6BE600AFE1A7 /* GetFit */,
				94E3C4671A2F6BE600AFE1A7 /* GetFitTests */,
				94E3C44C1A2F6BE600AFE1A7 /* Products */,
			);
			sourceTree = "<group>";
		};
		94E3C44C1A2F6BE600AFE1A7 /* Products */ = {
			isa = PBXGroup;
			children = (
				94E3C44B1A2F6BE600AFE1A7 /* GetFit.app */,
				94E3C4641A2F6BE600AFE1A7 /* GetFitTests.xctest */,
			);
			name = Products;
			sourceTree = "<group>";
		};
		94E3C44D1A2F6BE600AFE1A7 /* GetFit */ = {
			isa = PBXGroup;
			children = (
				94270A411A546E5000453F6D /* Pickers */,
				94DFCF2D1A3A0CFF00874346 /* Page */,
				9458002E1A50C8BF000936FC /* Exercise */,
				9458002D1A50C1D0000936FC /* Graph */,
				9458002C1A50C1CA000936FC /* About */,
				9499C9591A320D18004CEB67 /* OAuth */,
				947378EC1A432FDF00DF933C /* Minute */,
				947378E31A42384E00DF933C /* GraphOne.jpg */,
				947378E41A42384E00DF933C /* GraphTwo.jpg */,
				94E3C4521A2F6BE600AFE1A7 /* AppDelegate.h */,
				94E3C4531A2F6BE600AFE1A7 /* AppDelegate.m */,
				94E3C4551A2F6BE600AFE1A7 /* ViewController.h */,
				94E3C4561A2F6BE600AFE1A7 /* ViewController.m */,
				94E3C4581A2F6BE600AFE1A7 /* Main.storyboard */,
				94E3C45B1A2F6BE600AFE1A7 /* Images.xcassets */,
				94E3C45D1A2F6BE600AFE1A7 /* LaunchScreen.xib */,
				94E3C44E1A2F6BE600AFE1A7 /* Supporting Files */,
			);
			path = GetFit;
			sourceTree = "<group>";
		};
		94E3C44E1A2F6BE600AFE1A7 /* Supporting Files */ = {
			isa = PBXGroup;
			children = (
				94E3C44F1A2F6BE600AFE1A7 /* Info.plist */,
				94E3C4501A2F6BE600AFE1A7 /* main.m */,
			);
			name = "Supporting Files";
			sourceTree = "<group>";
		};
		94E3C4671A2F6BE600AFE1A7 /* GetFitTests */ = {
			isa = PBXGroup;
			children = (
				94E3C46A1A2F6BE600AFE1A7 /* GetFitTests.m */,
				94E3C4681A2F6BE600AFE1A7 /* Supporting Files */,
			);
			path = GetFitTests;
			sourceTree = "<group>";
		};
		94E3C4681A2F6BE600AFE1A7 /* Supporting Files */ = {
			isa = PBXGroup;
			children = (
				94E3C4691A2F6BE600AFE1A7 /* Info.plist */,
			);
			name = "Supporting Files";
			sourceTree = "<group>";
		};
		94E3C4741A2FA86000AFE1A7 /* External */ = {
			isa = PBXGroup;
			children = (
				94E3C4791A2FA93C00AFE1A7 /* thrift */,
				94E3C4751A2FA86700AFE1A7 /* datahub-thrift */,
			);
			name = External;
			sourceTree = "<group>";
		};
		94E3C4751A2FA86700AFE1A7 /* datahub-thrift */ = {
			isa = PBXGroup;
			children = (
				94E3C4761A2FA86F00AFE1A7 /* datahub.h */,
				94E3C4771A2FA86F00AFE1A7 /* datahub.m */,
			);
			name = "datahub-thrift";
			sourceTree = "<group>";
		};
		94E3C4791A2FA93C00AFE1A7 /* thrift */ = {
			isa = PBXGroup;
			children = (
				94E3C47A1A2FA93C00AFE1A7 /* protocol */,
				94E3C4881A2FA93C00AFE1A7 /* server */,
				94E3C48B1A2FA93C00AFE1A7 /* TApplicationException.h */,
				94E3C48C1A2FA93C00AFE1A7 /* TApplicationException.m */,
				94E3C48D1A2FA93C00AFE1A7 /* TException.h */,
				94E3C48E1A2FA93C00AFE1A7 /* TException.m */,
				94E3C48F1A2FA93C00AFE1A7 /* Thrift.h */,
				94E3C4901A2FA93C00AFE1A7 /* TObjective-C.h */,
				94E3C4911A2FA93C00AFE1A7 /* TProcessor.h */,
				94E3C4921A2FA93C00AFE1A7 /* TProcessorFactory.h */,
				94E3C4931A2FA93C00AFE1A7 /* transport */,
				94E3C4A71A2FA93C00AFE1A7 /* TSharedProcessorFactory.h */,
				94E3C4A81A2FA93C00AFE1A7 /* TSharedProcessorFactory.m */,
			);
			name = thrift;
			path = src;
			sourceTree = "<group>";
		};
		94E3C47A1A2FA93C00AFE1A7 /* protocol */ = {
			isa = PBXGroup;
			children = (
				94E3C47B1A2FA93C00AFE1A7 /* TBase.h */,
				94E3C47C1A2FA93C00AFE1A7 /* TBinaryProtocol.h */,
				94E3C47D1A2FA93C00AFE1A7 /* TBinaryProtocol.m */,
				94E3C47E1A2FA93C00AFE1A7 /* TMultiplexedProtocol.h */,
				94E3C47F1A2FA93C00AFE1A7 /* TMultiplexedProtocol.m */,
				94E3C4801A2FA93C00AFE1A7 /* TProtocol.h */,
				94E3C4811A2FA93C00AFE1A7 /* TProtocolDecorator.h */,
				94E3C4821A2FA93C00AFE1A7 /* TProtocolDecorator.m */,
				94E3C4831A2FA93C00AFE1A7 /* TProtocolException.h */,
				94E3C4841A2FA93C00AFE1A7 /* TProtocolException.m */,
				94E3C4851A2FA93C00AFE1A7 /* TProtocolFactory.h */,
				94E3C4861A2FA93C00AFE1A7 /* TProtocolUtil.h */,
				94E3C4871A2FA93C00AFE1A7 /* TProtocolUtil.m */,
			);
			path = protocol;
			sourceTree = "<group>";
		};
		94E3C4881A2FA93C00AFE1A7 /* server */ = {
			isa = PBXGroup;
			children = (
				94E3C4891A2FA93C00AFE1A7 /* TSocketServer.h */,
				94E3C48A1A2FA93C00AFE1A7 /* TSocketServer.m */,
			);
			path = server;
			sourceTree = "<group>";
		};
		94E3C4931A2FA93C00AFE1A7 /* transport */ = {
			isa = PBXGroup;
			children = (
				94E3C4941A2FA93C00AFE1A7 /* TFramedTransport.h */,
				94E3C4951A2FA93C00AFE1A7 /* TFramedTransport.m */,
				94E3C4961A2FA93C00AFE1A7 /* THTTPClient.h */,
				94E3C4971A2FA93C00AFE1A7 /* THTTPClient.m */,
				94E3C4981A2FA93C00AFE1A7 /* TMemoryBuffer.h */,
				94E3C4991A2FA93C00AFE1A7 /* TMemoryBuffer.m */,
				94E3C49A1A2FA93C00AFE1A7 /* TNSFileHandleTransport.h */,
				94E3C49B1A2FA93C00AFE1A7 /* TNSFileHandleTransport.m */,
				94E3C49C1A2FA93C00AFE1A7 /* TNSStreamTransport.h */,
				94E3C49D1A2FA93C00AFE1A7 /* TNSStreamTransport.m */,
				94E3C49E1A2FA93C00AFE1A7 /* TSocketClient.h */,
				94E3C49F1A2FA93C00AFE1A7 /* TSocketClient.m */,
				94E3C4A01A2FA93C00AFE1A7 /* TSSLSocketClient.h */,
				94E3C4A11A2FA93C00AFE1A7 /* TSSLSocketClient.m */,
				94E3C4A21A2FA93C00AFE1A7 /* TSSLSocketException.h */,
				94E3C4A31A2FA93C00AFE1A7 /* TSSLSocketException.m */,
				94E3C4A41A2FA93C00AFE1A7 /* TTransport.h */,
				94E3C4A51A2FA93C00AFE1A7 /* TTransportException.h */,
				94E3C4A61A2FA93C00AFE1A7 /* TTransportException.m */,
			);
			path = transport;
			sourceTree = "<group>";
		};
/* End PBXGroup section */

/* Begin PBXNativeTarget section */
		94E3C44A1A2F6BE600AFE1A7 /* GetFit */ = {
			isa = PBXNativeTarget;
			buildConfigurationList = 94E3C46E1A2F6BE600AFE1A7 /* Build configuration list for PBXNativeTarget "GetFit" */;
			buildPhases = (
				94E3C4471A2F6BE600AFE1A7 /* Sources */,
				94E3C4481A2F6BE600AFE1A7 /* Frameworks */,
				94E3C4491A2F6BE600AFE1A7 /* Resources */,
			);
			buildRules = (
			);
			dependencies = (
			);
			name = GetFit;
			productName = GetFit;
			productReference = 94E3C44B1A2F6BE600AFE1A7 /* GetFit.app */;
			productType = "com.apple.product-type.application";
		};
		94E3C4631A2F6BE600AFE1A7 /* GetFitTests */ = {
			isa = PBXNativeTarget;
			buildConfigurationList = 94E3C4711A2F6BE600AFE1A7 /* Build configuration list for PBXNativeTarget "GetFitTests" */;
			buildPhases = (
				94E3C4601A2F6BE600AFE1A7 /* Sources */,
				94E3C4611A2F6BE600AFE1A7 /* Frameworks */,
				94E3C4621A2F6BE600AFE1A7 /* Resources */,
			);
			buildRules = (
			);
			dependencies = (
				94E3C4661A2F6BE600AFE1A7 /* PBXTargetDependency */,
			);
			name = GetFitTests;
			productName = GetFitTests;
			productReference = 94E3C4641A2F6BE600AFE1A7 /* GetFitTests.xctest */;
			productType = "com.apple.product-type.bundle.unit-test";
		};
/* End PBXNativeTarget section */

/* Begin PBXProject section */
		94E3C4431A2F6BE600AFE1A7 /* Project object */ = {
			isa = PBXProject;
			attributes = {
				LastUpgradeCheck = 0610;
				ORGANIZATIONNAME = "CSAIL Big Data Initiative";
				TargetAttributes = {
					94E3C44A1A2F6BE600AFE1A7 = {
						CreatedOnToolsVersion = 6.1.1;
					};
					94E3C4631A2F6BE600AFE1A7 = {
						CreatedOnToolsVersion = 6.1.1;
						TestTargetID = 94E3C44A1A2F6BE600AFE1A7;
					};
				};
			};
			buildConfigurationList = 94E3C4461A2F6BE600AFE1A7 /* Build configuration list for PBXProject "GetFit" */;
			compatibilityVersion = "Xcode 3.2";
			developmentRegion = English;
			hasScannedForEncodings = 0;
			knownRegions = (
				en,
				Base,
			);
			mainGroup = 94E3C4421A2F6BE600AFE1A7;
			productRefGroup = 94E3C44C1A2F6BE600AFE1A7 /* Products */;
			projectDirPath = "";
			projectReferences = (
				{
					ProductGroup = 94DFCF1D1A38BDCA00874346 /* Products */;
					ProjectRef = 94DFCF101A38B9E300874346 /* OpenSense.xcodeproj */;
				},
			);
			projectRoot = "";
			targets = (
				94E3C44A1A2F6BE600AFE1A7 /* GetFit */,
				94E3C4631A2F6BE600AFE1A7 /* GetFitTests */,
			);
		};
/* End PBXProject section */

/* Begin PBXReferenceProxy section */
		94DFCF221A38BDCB00874346 /* libOpenSense.a */ = {
			isa = PBXReferenceProxy;
			fileType = archive.ar;
			path = libOpenSense.a;
			remoteRef = 94DFCF211A38BDCB00874346 /* PBXContainerItemProxy */;
			sourceTree = BUILT_PRODUCTS_DIR;
		};
		94DFCF241A38BDCB00874346 /* OpenSenseTests.octest */ = {
			isa = PBXReferenceProxy;
			fileType = wrapper.cfbundle;
			path = OpenSenseTests.octest;
			remoteRef = 94DFCF231A38BDCB00874346 /* PBXContainerItemProxy */;
			sourceTree = BUILT_PRODUCTS_DIR;
		};
/* End PBXReferenceProxy section */

/* Begin PBXResourcesBuildPhase section */
		94E3C4491A2F6BE600AFE1A7 /* Resources */ = {
			isa = PBXResourcesBuildPhase;
			buildActionMask = 2147483647;
			files = (
				94E3C45A1A2F6BE600AFE1A7 /* Main.storyboard in Resources */,
				947378E61A42384E00DF933C /* GraphTwo.jpg in Resources */,
				94E3C45F1A2F6BE600AFE1A7 /* LaunchScreen.xib in Resources */,
				94E3C45C1A2F6BE600AFE1A7 /* Images.xcassets in Resources */,
				947378E51A42384E00DF933C /* GraphOne.jpg in Resources */,
			);
			runOnlyForDeploymentPostprocessing = 0;
		};
		94E3C4621A2F6BE600AFE1A7 /* Resources */ = {
			isa = PBXResourcesBuildPhase;
			buildActionMask = 2147483647;
			files = (
			);
			runOnlyForDeploymentPostprocessing = 0;
		};
/* End PBXResourcesBuildPhase section */

/* Begin PBXSourcesBuildPhase section */
		94E3C4471A2F6BE600AFE1A7 /* Sources */ = {
			isa = PBXSourcesBuildPhase;
			buildActionMask = 2147483647;
			files = (
				94E3C4A91A2FA93C00AFE1A7 /* TBinaryProtocol.m in Sources */,
				945800181A50BF04000936FC /* PageVC.m in Sources */,
				94E3C4BA1A2FA93C00AFE1A7 /* TSharedProcessorFactory.m in Sources */,
				94E3C4B41A2FA93C00AFE1A7 /* TNSFileHandleTransport.m in Sources */,
				94E3C4AF1A2FA93C00AFE1A7 /* TApplicationException.m in Sources */,
				945628601A4203A200A2B9A7 /* AboutView.m in Sources */,
				94E3C4B11A2FA93C00AFE1A7 /* TFramedTransport.m in Sources */,
				94E3C4AB1A2FA93C00AFE1A7 /* TProtocolDecorator.m in Sources */,
				94E3C4571A2F6BE600AFE1A7 /* ViewController.m in Sources */,
				94E3C4B21A2FA93C00AFE1A7 /* THTTPClient.m in Sources */,
				94E3C4781A2FA86F00AFE1A7 /* datahub.m in Sources */,
				94E3C4AC1A2FA93C00AFE1A7 /* TProtocolException.m in Sources */,
				94C378DA1A51F08900370461 /* MinuteEntry.m in Sources */,
				945628681A4214A900A2B9A7 /* AboutVC.m in Sources */,
				94E3C4B71A2FA93C00AFE1A7 /* TSSLSocketClient.m in Sources */,
				94E3C4541A2F6BE600AFE1A7 /* AppDelegate.m in Sources */,
				94E3C4B61A2FA93C00AFE1A7 /* TSocketClient.m in Sources */,
				94E3C4AA1A2FA93C00AFE1A7 /* TMultiplexedProtocol.m in Sources */,
				94E3C4511A2F6BE600AFE1A7 /* main.m in Sources */,
				94E3C4B91A2FA93C00AFE1A7 /* TTransportException.m in Sources */,
				947378F51A435A9200DF933C /* MinuteTVC.m in Sources */,
				9499C9641A321A27004CEB67 /* OAuthVC.m in Sources */,
				944A44631A4F7E37009FA078 /* ActivityPickerView.m in Sources */,
				94E3C4AE1A2FA93C00AFE1A7 /* TSocketServer.m in Sources */,
				94C378DD1A51F0D500370461 /* MinuteStore.m in Sources */,
				94E3C4B31A2FA93C00AFE1A7 /* TMemoryBuffer.m in Sources */,
				94270A441A546E7100453F6D /* ActivityPicker.m in Sources */,
				94E3C4B51A2FA93C00AFE1A7 /* TNSStreamTransport.m in Sources */,
				94270A3E1A545E5A00453F6D /* ExerciseVC.m in Sources */,
				945628711A4225DB00A2B9A7 /* GraphVC.m in Sources */,
				94E3C4B01A2FA93C00AFE1A7 /* TException.m in Sources */,
				9456285D1A41FAD700A2B9A7 /* GraphView.m in Sources */,
				94E3C4B81A2FA93C00AFE1A7 /* TSSLSocketException.m in Sources */,
				94E3C4AD1A2FA93C00AFE1A7 /* TProtocolUtil.m in Sources */,
			);
			runOnlyForDeploymentPostprocessing = 0;
		};
		94E3C4601A2F6BE600AFE1A7 /* Sources */ = {
			isa = PBXSourcesBuildPhase;
			buildActionMask = 2147483647;
			files = (
				94E3C46B1A2F6BE600AFE1A7 /* GetFitTests.m in Sources */,
			);
			runOnlyForDeploymentPostprocessing = 0;
		};
/* End PBXSourcesBuildPhase section */

/* Begin PBXTargetDependency section */
		94E3C4661A2F6BE600AFE1A7 /* PBXTargetDependency */ = {
			isa = PBXTargetDependency;
			target = 94E3C44A1A2F6BE600AFE1A7 /* GetFit */;
			targetProxy = 94E3C4651A2F6BE600AFE1A7 /* PBXContainerItemProxy */;
		};
/* End PBXTargetDependency section */

/* Begin PBXVariantGroup section */
		94E3C4581A2F6BE600AFE1A7 /* Main.storyboard */ = {
			isa = PBXVariantGroup;
			children = (
				94E3C4591A2F6BE600AFE1A7 /* Base */,
			);
			name = Main.storyboard;
			sourceTree = "<group>";
		};
		94E3C45D1A2F6BE600AFE1A7 /* LaunchScreen.xib */ = {
			isa = PBXVariantGroup;
			children = (
				94E3C45E1A2F6BE600AFE1A7 /* Base */,
			);
			name = LaunchScreen.xib;
			sourceTree = "<group>";
		};
/* End PBXVariantGroup section */

/* Begin XCBuildConfiguration section */
		94E3C46C1A2F6BE600AFE1A7 /* Debug */ = {
			isa = XCBuildConfiguration;
			buildSettings = {
				ALWAYS_SEARCH_USER_PATHS = YES;
				CLANG_CXX_LANGUAGE_STANDARD = "gnu++0x";
				CLANG_CXX_LIBRARY = "libc++";
				CLANG_ENABLE_MODULES = YES;
				CLANG_ENABLE_OBJC_ARC = YES;
				CLANG_WARN_BOOL_CONVERSION = YES;
				CLANG_WARN_CONSTANT_CONVERSION = YES;
				CLANG_WARN_DIRECT_OBJC_ISA_USAGE = YES_ERROR;
				CLANG_WARN_EMPTY_BODY = YES;
				CLANG_WARN_ENUM_CONVERSION = YES;
				CLANG_WARN_INT_CONVERSION = YES;
				CLANG_WARN_OBJC_ROOT_CLASS = YES_ERROR;
				CLANG_WARN_UNREACHABLE_CODE = YES;
				CLANG_WARN__DUPLICATE_METHOD_MATCH = YES;
				"CODE_SIGN_IDENTITY[sdk=iphoneos*]" = "iPhone Developer";
				COPY_PHASE_STRIP = NO;
				ENABLE_STRICT_OBJC_MSGSEND = YES;
				GCC_C_LANGUAGE_STANDARD = gnu99;
				GCC_DYNAMIC_NO_PIC = NO;
				GCC_OPTIMIZATION_LEVEL = 0;
				GCC_PREPROCESSOR_DEFINITIONS = (
					"DEBUG=1",
					"$(inherited)",
				);
				GCC_SYMBOLS_PRIVATE_EXTERN = NO;
				GCC_WARN_64_TO_32_BIT_CONVERSION = YES;
				GCC_WARN_ABOUT_RETURN_TYPE = YES_ERROR;
				GCC_WARN_UNDECLARED_SELECTOR = YES;
				GCC_WARN_UNINITIALIZED_AUTOS = YES_AGGRESSIVE;
				GCC_WARN_UNUSED_FUNCTION = YES;
				GCC_WARN_UNUSED_VARIABLE = YES;
				HEADER_SEARCH_PATHS = "$SRCROOT/OpenSense/build/includes/**";
				IPHONEOS_DEPLOYMENT_TARGET = 8.1;
				MTL_ENABLE_DEBUG_INFO = YES;
				ONLY_ACTIVE_ARCH = YES;
				SDKROOT = iphoneos;
			};
			name = Debug;
		};
		94E3C46D1A2F6BE600AFE1A7 /* Release */ = {
			isa = XCBuildConfiguration;
			buildSettings = {
				ALWAYS_SEARCH_USER_PATHS = YES;
				CLANG_CXX_LANGUAGE_STANDARD = "gnu++0x";
				CLANG_CXX_LIBRARY = "libc++";
				CLANG_ENABLE_MODULES = YES;
				CLANG_ENABLE_OBJC_ARC = YES;
				CLANG_WARN_BOOL_CONVERSION = YES;
				CLANG_WARN_CONSTANT_CONVERSION = YES;
				CLANG_WARN_DIRECT_OBJC_ISA_USAGE = YES_ERROR;
				CLANG_WARN_EMPTY_BODY = YES;
				CLANG_WARN_ENUM_CONVERSION = YES;
				CLANG_WARN_INT_CONVERSION = YES;
				CLANG_WARN_OBJC_ROOT_CLASS = YES_ERROR;
				CLANG_WARN_UNREACHABLE_CODE = YES;
				CLANG_WARN__DUPLICATE_METHOD_MATCH = YES;
				"CODE_SIGN_IDENTITY[sdk=iphoneos*]" = "iPhone Developer";
				COPY_PHASE_STRIP = YES;
				ENABLE_NS_ASSERTIONS = NO;
				ENABLE_STRICT_OBJC_MSGSEND = YES;
				GCC_C_LANGUAGE_STANDARD = gnu99;
				GCC_WARN_64_TO_32_BIT_CONVERSION = YES;
				GCC_WARN_ABOUT_RETURN_TYPE = YES_ERROR;
				GCC_WARN_UNDECLARED_SELECTOR = YES;
				GCC_WARN_UNINITIALIZED_AUTOS = YES_AGGRESSIVE;
				GCC_WARN_UNUSED_FUNCTION = YES;
				GCC_WARN_UNUSED_VARIABLE = YES;
				HEADER_SEARCH_PATHS = "$SRCROOT/OpenSense/build/includes/**";
				IPHONEOS_DEPLOYMENT_TARGET = 8.1;
				MTL_ENABLE_DEBUG_INFO = NO;
				SDKROOT = iphoneos;
				VALIDATE_PRODUCT = YES;
			};
			name = Release;
		};
		94E3C46F1A2F6BE600AFE1A7 /* Debug */ = {
			isa = XCBuildConfiguration;
			buildSettings = {
				ALWAYS_SEARCH_USER_PATHS = YES;
				ASSETCATALOG_COMPILER_APPICON_NAME = AppIcon;
				FRAMEWORK_SEARCH_PATHS = (
					"$(SRCRoot)",
					"$(inherited)",
				);
				HEADER_SEARCH_PATHS = "$SRCROOT/OpenSense/**";
				INFOPLIST_FILE = GetFit/Info.plist;
				LD_RUNPATH_SEARCH_PATHS = "$(inherited) @executable_path/Frameworks";
				LIBRARY_SEARCH_PATHS = (
					"$(inherited)",
					"$(PROJECT_DIR)/OpenSense/build/Debug-iphoneos",
				);
				PRODUCT_NAME = GetFit;
			};
			name = Debug;
		};
		94E3C4701A2F6BE600AFE1A7 /* Release */ = {
			isa = XCBuildConfiguration;
			buildSettings = {
				ALWAYS_SEARCH_USER_PATHS = YES;
				ASSETCATALOG_COMPILER_APPICON_NAME = AppIcon;
				FRAMEWORK_SEARCH_PATHS = (
					"$(SRCRoot)",
					"$(inherited)",
				);
				HEADER_SEARCH_PATHS = "$SRCROOT/OpenSense/**";
				INFOPLIST_FILE = GetFit/Info.plist;
				LD_RUNPATH_SEARCH_PATHS = "$(inherited) @executable_path/Frameworks";
				LIBRARY_SEARCH_PATHS = (
					"$(inherited)",
					"$(PROJECT_DIR)/OpenSense/build/Debug-iphoneos",
				);
				PRODUCT_NAME = GetFit;
			};
			name = Release;
		};
		94E3C4721A2F6BE600AFE1A7 /* Debug */ = {
			isa = XCBuildConfiguration;
			buildSettings = {
				BUNDLE_LOADER = "$(TEST_HOST)";
				FRAMEWORK_SEARCH_PATHS = (
					"$(SDKROOT)/Developer/Library/Frameworks",
					"$(inherited)",
				);
				GCC_PREPROCESSOR_DEFINITIONS = (
					"DEBUG=1",
					"$(inherited)",
				);
				INFOPLIST_FILE = GetFitTests/Info.plist;
				LD_RUNPATH_SEARCH_PATHS = "$(inherited) @executable_path/Frameworks @loader_path/Frameworks";
				PRODUCT_NAME = GetFitTests;
				TEST_HOST = "$(BUILT_PRODUCTS_DIR)/GetFit.app/GetFit";
			};
			name = Debug;
		};
		94E3C4731A2F6BE600AFE1A7 /* Release */ = {
			isa = XCBuildConfiguration;
			buildSettings = {
				BUNDLE_LOADER = "$(TEST_HOST)";
				FRAMEWORK_SEARCH_PATHS = (
					"$(SDKROOT)/Developer/Library/Frameworks",
					"$(inherited)",
				);
				INFOPLIST_FILE = GetFitTests/Info.plist;
				LD_RUNPATH_SEARCH_PATHS = "$(inherited) @executable_path/Frameworks @loader_path/Frameworks";
				PRODUCT_NAME = GetFitTests;
				TEST_HOST = "$(BUILT_PRODUCTS_DIR)/GetFit.app/GetFit";
			};
			name = Release;
		};
/* End XCBuildConfiguration section */

/* Begin XCConfigurationList section */
		94E3C4461A2F6BE600AFE1A7 /* Build configuration list for PBXProject "GetFit" */ = {
			isa = XCConfigurationList;
			buildConfigurations = (
				94E3C46C1A2F6BE600AFE1A7 /* Debug */,
				94E3C46D1A2F6BE600AFE1A7 /* Release */,
			);
			defaultConfigurationIsVisible = 0;
			defaultConfigurationName = Release;
		};
		94E3C46E1A2F6BE600AFE1A7 /* Build configuration list for PBXNativeTarget "GetFit" */ = {
			isa = XCConfigurationList;
			buildConfigurations = (
				94E3C46F1A2F6BE600AFE1A7 /* Debug */,
				94E3C4701A2F6BE600AFE1A7 /* Release */,
			);
			defaultConfigurationIsVisible = 0;
			defaultConfigurationName = Release;
		};
		94E3C4711A2F6BE600AFE1A7 /* Build configuration list for PBXNativeTarget "GetFitTests" */ = {
			isa = XCConfigurationList;
			buildConfigurations = (
				94E3C4721A2F6BE600AFE1A7 /* Debug */,
				94E3C4731A2F6BE600AFE1A7 /* Release */,
			);
			defaultConfigurationIsVisible = 0;
			defaultConfigurationName = Release;
		};
/* End XCConfigurationList section */
	};
	rootObject = 94E3C4431A2F6BE600AFE1A7 /* Project object */;
}
